# This file is @generated by PDM.
# It is not intended for manual editing.

[metadata]
groups = ["default", "dev", "i18n"]
strategy = ["inherit_metadata"]
lock_version = "4.5.0"
content_hash = "sha256:0730e3b2f0f2d3110b8001431218483be433b74f81063a0ed318a78720d19297"

[[metadata.targets]]
requires_python = "==3.12.*"

[[package]]
name = "annotated-types"
version = "0.7.0"
requires_python = ">=3.8"
summary = "Reusable constraint types to use with typing.Annotated"
groups = ["default"]
dependencies = [
    "typing-extensions>=4.0.0; python_version < \"3.9\"",
]
files = [
    {file = "annotated_types-0.7.0-py3-none-any.whl", hash = "sha256:1f02e8b43a8fbbc3f3e0d4f0f4bfc8131bcb4eebe8849b8e5c773f3a1c582a53"},
    {file = "annotated_types-0.7.0.tar.gz", hash = "sha256:aff07c09a53a08bc8cfccb9c85b05f1aa9a2a6f23728d790723543408344ce89"},
]

[[package]]
name = "babel"
version = "2.16.0"
requires_python = ">=3.8"
summary = "Internationalization utilities"
groups = ["i18n"]
dependencies = [
    "pytz>=2015.7; python_version < \"3.9\"",
]
files = [
    {file = "babel-2.16.0-py3-none-any.whl", hash = "sha256:368b5b98b37c06b7daf6696391c3240c938b37767d4584413e8438c5c435fa8b"},
    {file = "babel-2.16.0.tar.gz", hash = "sha256:d1f3554ca26605fe173f3de0c65f750f5a42f924499bf134de6423582298e316"},
]

[[package]]
name = "colorama"
version = "0.4.6"
requires_python = "!=3.0.*,!=3.1.*,!=3.2.*,!=3.3.*,!=3.4.*,!=3.5.*,!=3.6.*,>=2.7"
summary = "Cross-platform colored terminal text."
groups = ["dev"]
marker = "sys_platform == \"win32\""
files = [
    {file = "colorama-0.4.6-py2.py3-none-any.whl", hash = "sha256:4f1d9991f5acc0ca119f9d443620b77f9d6b33703e51011c16baf57afb285fc6"},
    {file = "colorama-0.4.6.tar.gz", hash = "sha256:08695f5cb7ed6e0531a20572697297273c47b8cae5a63ffc6d6ed5c201be6e44"},
]

[[package]]
name = "iniconfig"
version = "2.0.0"
requires_python = ">=3.7"
summary = "brain-dead simple config-ini parsing"
groups = ["dev"]
files = [
    {file = "iniconfig-2.0.0-py3-none-any.whl", hash = "sha256:b6a85871a79d2e3b22d2d1b94ac2824226a63c6b741c88f7ae975f18b6778374"},
    {file = "iniconfig-2.0.0.tar.gz", hash = "sha256:2d91e135bf72d31a410b17c16da610a82cb55f6b0477d1a902134b24a455b8b3"},
]

[[package]]
name = "lxml"
version = "5.3.0"
requires_python = ">=3.6"
summary = "Powerful and Pythonic XML processing library combining libxml2/libxslt with the ElementTree API."
groups = ["default"]
files = [
    {file = "lxml-5.3.0-cp312-cp312-macosx_10_9_universal2.whl", hash = "sha256:e99f5507401436fdcc85036a2e7dc2e28d962550afe1cbfc07c40e454256a859"},
    {file = "lxml-5.3.0-cp312-cp312-macosx_10_9_x86_64.whl", hash = "sha256:384aacddf2e5813a36495233b64cb96b1949da72bef933918ba5c84e06af8f0e"},
    {file = "lxml-5.3.0-cp312-cp312-manylinux_2_12_i686.manylinux2010_i686.manylinux_2_17_i686.manylinux2014_i686.whl", hash = "sha256:874a216bf6afaf97c263b56371434e47e2c652d215788396f60477540298218f"},
    {file = "lxml-5.3.0-cp312-cp312-manylinux_2_17_aarch64.manylinux2014_aarch64.whl", hash = "sha256:65ab5685d56914b9a2a34d67dd5488b83213d680b0c5d10b47f81da5a16b0b0e"},
    {file = "lxml-5.3.0-cp312-cp312-manylinux_2_17_ppc64le.manylinux2014_ppc64le.whl", hash = "sha256:aac0bbd3e8dd2d9c45ceb82249e8bdd3ac99131a32b4d35c8af3cc9db1657179"},
    {file = "lxml-5.3.0-cp312-cp312-manylinux_2_17_s390x.manylinux2014_s390x.whl", hash = "sha256:b369d3db3c22ed14c75ccd5af429086f166a19627e84a8fdade3f8f31426e52a"},
    {file = "lxml-5.3.0-cp312-cp312-manylinux_2_17_x86_64.manylinux2014_x86_64.whl", hash = "sha256:c24037349665434f375645fa9d1f5304800cec574d0310f618490c871fd902b3"},
    {file = "lxml-5.3.0-cp312-cp312-manylinux_2_28_aarch64.whl", hash = "sha256:62d172f358f33a26d6b41b28c170c63886742f5b6772a42b59b4f0fa10526cb1"},
    {file = "lxml-5.3.0-cp312-cp312-manylinux_2_28_ppc64le.whl", hash = "sha256:c1f794c02903c2824fccce5b20c339a1a14b114e83b306ff11b597c5f71a1c8d"},
    {file = "lxml-5.3.0-cp312-cp312-manylinux_2_28_s390x.whl", hash = "sha256:5d6a6972b93c426ace71e0be9a6f4b2cfae9b1baed2eed2006076a746692288c"},
    {file = "lxml-5.3.0-cp312-cp312-manylinux_2_28_x86_64.whl", hash = "sha256:3879cc6ce938ff4eb4900d901ed63555c778731a96365e53fadb36437a131a99"},
    {file = "lxml-5.3.0-cp312-cp312-musllinux_1_2_aarch64.whl", hash = "sha256:74068c601baff6ff021c70f0935b0c7bc528baa8ea210c202e03757c68c5a4ff"},
    {file = "lxml-5.3.0-cp312-cp312-musllinux_1_2_ppc64le.whl", hash = "sha256:ecd4ad8453ac17bc7ba3868371bffb46f628161ad0eefbd0a855d2c8c32dd81a"},
    {file = "lxml-5.3.0-cp312-cp312-musllinux_1_2_s390x.whl", hash = "sha256:7e2f58095acc211eb9d8b5771bf04df9ff37d6b87618d1cbf85f92399c98dae8"},
    {file = "lxml-5.3.0-cp312-cp312-musllinux_1_2_x86_64.whl", hash = "sha256:e63601ad5cd8f860aa99d109889b5ac34de571c7ee902d6812d5d9ddcc77fa7d"},
    {file = "lxml-5.3.0-cp312-cp312-win32.whl", hash = "sha256:17e8d968d04a37c50ad9c456a286b525d78c4a1c15dd53aa46c1d8e06bf6fa30"},
    {file = "lxml-5.3.0-cp312-cp312-win_amd64.whl", hash = "sha256:c1a69e58a6bb2de65902051d57fde951febad631a20a64572677a1052690482f"},
    {file = "lxml-5.3.0.tar.gz", hash = "sha256:4e109ca30d1edec1ac60cdbe341905dc3b8f55b16855e03a54aaf59e51ec8c6f"},
]

[[package]]
name = "packaging"
version = "24.2"
requires_python = ">=3.8"
summary = "Core utilities for Python packages"
groups = ["dev"]
files = [
    {file = "packaging-24.2-py3-none-any.whl", hash = "sha256:09abb1bccd265c01f4a3aa3f7a7db064b36514d2cba19a2f694fe6150451a759"},
    {file = "packaging-24.2.tar.gz", hash = "sha256:c228a6dc5e932d346bc5739379109d49e8853dd8223571c7c5b55260edc0b97f"},
]

[[package]]
name = "pluggy"
version = "1.5.0"
requires_python = ">=3.8"
summary = "plugin and hook calling mechanisms for python"
groups = ["dev"]
files = [
    {file = "pluggy-1.5.0-py3-none-any.whl", hash = "sha256:44e1ad92c8ca002de6377e165f3e0f1be63266ab4d554740532335b9d75ea669"},
    {file = "pluggy-1.5.0.tar.gz", hash = "sha256:2cffa88e94fdc978c4c574f15f9e59b7f4201d439195c3715ca9e2486f1d0cf1"},
]

[[package]]
name = "pydantic"
version = "2.9.2"
requires_python = ">=3.8"
summary = "Data validation using Python type hints"
groups = ["default"]
dependencies = [
    "annotated-types>=0.6.0",
    "pydantic-core==2.23.4",
    "typing-extensions>=4.12.2; python_version >= \"3.13\"",
    "typing-extensions>=4.6.1; python_version < \"3.13\"",
]
files = [
    {file = "pydantic-2.9.2-py3-none-any.whl", hash = "sha256:f048cec7b26778210e28a0459867920654d48e5e62db0958433636cde4254f12"},
    {file = "pydantic-2.9.2.tar.gz", hash = "sha256:d155cef71265d1e9807ed1c32b4c8deec042a44a50a4188b25ac67ecd81a9c0f"},
]

[[package]]
name = "pydantic-core"
version = "2.23.4"
requires_python = ">=3.8"
summary = "Core functionality for Pydantic validation and serialization"
groups = ["default"]
dependencies = [
    "typing-extensions!=4.7.0,>=4.6.0",
]
files = [
    {file = "pydantic_core-2.23.4-cp312-cp312-macosx_10_12_x86_64.whl", hash = "sha256:f3e0da4ebaef65158d4dfd7d3678aad692f7666877df0002b8a522cdf088f231"},
    {file = "pydantic_core-2.23.4-cp312-cp312-macosx_11_0_arm64.whl", hash = "sha256:f69a8e0b033b747bb3e36a44e7732f0c99f7edd5cea723d45bc0d6e95377ffee"},
    {file = "pydantic_core-2.23.4-cp312-cp312-manylinux_2_17_aarch64.manylinux2014_aarch64.whl", hash = "sha256:723314c1d51722ab28bfcd5240d858512ffd3116449c557a1336cbe3919beb87"},
    {file = "pydantic_core-2.23.4-cp312-cp312-manylinux_2_17_armv7l.manylinux2014_armv7l.whl", hash = "sha256:bb2802e667b7051a1bebbfe93684841cc9351004e2badbd6411bf357ab8d5ac8"},
    {file = "pydantic_core-2.23.4-cp312-cp312-manylinux_2_17_ppc64le.manylinux2014_ppc64le.whl", hash = "sha256:d18ca8148bebe1b0a382a27a8ee60350091a6ddaf475fa05ef50dc35b5df6327"},
    {file = "pydantic_core-2.23.4-cp312-cp312-manylinux_2_17_s390x.manylinux2014_s390x.whl", hash = "sha256:33e3d65a85a2a4a0dc3b092b938a4062b1a05f3a9abde65ea93b233bca0e03f2"},
    {file = "pydantic_core-2.23.4-cp312-cp312-manylinux_2_17_x86_64.manylinux2014_x86_64.whl", hash = "sha256:128585782e5bfa515c590ccee4b727fb76925dd04a98864182b22e89a4e6ed36"},
    {file = "pydantic_core-2.23.4-cp312-cp312-manylinux_2_5_i686.manylinux1_i686.whl", hash = "sha256:68665f4c17edcceecc112dfed5dbe6f92261fb9d6054b47d01bf6371a6196126"},
    {file = "pydantic_core-2.23.4-cp312-cp312-musllinux_1_1_aarch64.whl", hash = "sha256:20152074317d9bed6b7a95ade3b7d6054845d70584216160860425f4fbd5ee9e"},
    {file = "pydantic_core-2.23.4-cp312-cp312-musllinux_1_1_x86_64.whl", hash = "sha256:9261d3ce84fa1d38ed649c3638feefeae23d32ba9182963e465d58d62203bd24"},
    {file = "pydantic_core-2.23.4-cp312-none-win32.whl", hash = "sha256:4ba762ed58e8d68657fc1281e9bb72e1c3e79cc5d464be146e260c541ec12d84"},
    {file = "pydantic_core-2.23.4-cp312-none-win_amd64.whl", hash = "sha256:97df63000f4fea395b2824da80e169731088656d1818a11b95f3b173747b6cd9"},
    {file = "pydantic_core-2.23.4.tar.gz", hash = "sha256:2584f7cf844ac4d970fba483a717dbe10c1c1c96a969bf65d61ffe94df1b2863"},
]

[[package]]
name = "pydantic-xml"
version = "2.14.0"
requires_python = ">=3.8"
summary = "pydantic xml extension"
groups = ["default"]
dependencies = [
    "pydantic!=2.10.0b1,>=2.6.0",
    "pydantic-core>=2.15.0",
]
files = [
    {file = "pydantic_xml-2.14.0-py3-none-any.whl", hash = "sha256:01a64132ccf7921c6b3aac4fa7912dcd6d1858b1ea6087f0518d7af0bc2d2d7d"},
    {file = "pydantic_xml-2.14.0.tar.gz", hash = "sha256:f6dadf6a2783598826f3b406c8e5ff5a2fc19994f48e9fd75f596279643ff59a"},
]

[[package]]
name = "pytest"
version = "8.3.3"
requires_python = ">=3.8"
summary = "pytest: simple powerful testing with Python"
groups = ["dev"]
dependencies = [
    "colorama; sys_platform == \"win32\"",
    "exceptiongroup>=1.0.0rc8; python_version < \"3.11\"",
    "iniconfig",
    "packaging",
    "pluggy<2,>=1.5",
    "tomli>=1; python_version < \"3.11\"",
]
files = [
    {file = "pytest-8.3.3-py3-none-any.whl", hash = "sha256:a6853c7375b2663155079443d2e45de913a911a11d669df02a50814944db57b2"},
    {file = "pytest-8.3.3.tar.gz", hash = "sha256:70b98107bd648308a7952b06e6ca9a50bc660be218d53c257cc1fc94fda10181"},
]

[[package]]
name = "ruff"
version = "0.7.4"
requires_python = ">=3.7"
summary = "An extremely fast Python linter and code formatter, written in Rust."
groups = ["dev"]
files = [
    {file = "ruff-0.7.4-py3-none-linux_armv6l.whl", hash = "sha256:a4919925e7684a3f18e18243cd6bea7cfb8e968a6eaa8437971f681b7ec51478"},
    {file = "ruff-0.7.4-py3-none-macosx_10_12_x86_64.whl", hash = "sha256:cfb365c135b830778dda8c04fb7d4280ed0b984e1aec27f574445231e20d6c63"},
    {file = "ruff-0.7.4-py3-none-macosx_11_0_arm64.whl", hash = "sha256:63a569b36bc66fbadec5beaa539dd81e0527cb258b94e29e0531ce41bacc1f20"},
    {file = "ruff-0.7.4-py3-none-manylinux_2_17_aarch64.manylinux2014_aarch64.whl", hash = "sha256:0d06218747d361d06fd2fdac734e7fa92df36df93035db3dc2ad7aa9852cb109"},
    {file = "ruff-0.7.4-py3-none-manylinux_2_17_armv7l.manylinux2014_armv7l.whl", hash = "sha256:e0cea28d0944f74ebc33e9f934238f15c758841f9f5edd180b5315c203293452"},
    {file = "ruff-0.7.4-py3-none-manylinux_2_17_i686.manylinux2014_i686.whl", hash = "sha256:80094ecd4793c68b2571b128f91754d60f692d64bc0d7272ec9197fdd09bf9ea"},
    {file = "ruff-0.7.4-py3-none-manylinux_2_17_ppc64.manylinux2014_ppc64.whl", hash = "sha256:997512325c6620d1c4c2b15db49ef59543ef9cd0f4aa8065ec2ae5103cedc7e7"},
    {file = "ruff-0.7.4-py3-none-manylinux_2_17_ppc64le.manylinux2014_ppc64le.whl", hash = "sha256:00b4cf3a6b5fad6d1a66e7574d78956bbd09abfd6c8a997798f01f5da3d46a05"},
    {file = "ruff-0.7.4-py3-none-manylinux_2_17_s390x.manylinux2014_s390x.whl", hash = "sha256:7dbdc7d8274e1422722933d1edddfdc65b4336abf0b16dfcb9dedd6e6a517d06"},
    {file = "ruff-0.7.4-py3-none-manylinux_2_17_x86_64.manylinux2014_x86_64.whl", hash = "sha256:0e92dfb5f00eaedb1501b2f906ccabfd67b2355bdf117fea9719fc99ac2145bc"},
    {file = "ruff-0.7.4-py3-none-musllinux_1_2_aarch64.whl", hash = "sha256:3bd726099f277d735dc38900b6a8d6cf070f80828877941983a57bca1cd92172"},
    {file = "ruff-0.7.4-py3-none-musllinux_1_2_armv7l.whl", hash = "sha256:2e32829c429dd081ee5ba39aef436603e5b22335c3d3fff013cd585806a6486a"},
    {file = "ruff-0.7.4-py3-none-musllinux_1_2_i686.whl", hash = "sha256:662a63b4971807623f6f90c1fb664613f67cc182dc4d991471c23c541fee62dd"},
    {file = "ruff-0.7.4-py3-none-musllinux_1_2_x86_64.whl", hash = "sha256:876f5e09eaae3eb76814c1d3b68879891d6fde4824c015d48e7a7da4cf066a3a"},
    {file = "ruff-0.7.4-py3-none-win32.whl", hash = "sha256:75c53f54904be42dd52a548728a5b572344b50d9b2873d13a3f8c5e3b91f5cac"},
    {file = "ruff-0.7.4-py3-none-win_amd64.whl", hash = "sha256:745775c7b39f914238ed1f1b0bebed0b9155a17cd8bc0b08d3c87e4703b990d6"},
    {file = "ruff-0.7.4-py3-none-win_arm64.whl", hash = "sha256:11bff065102c3ae9d3ea4dc9ecdfe5a5171349cdd0787c1fc64761212fc9cf1f"},
    {file = "ruff-0.7.4.tar.gz", hash = "sha256:cd12e35031f5af6b9b93715d8c4f40360070b2041f81273d0527683d5708fce2"},
]

[[package]]
name = "typing-extensions"
version = "4.12.2"
requires_python = ">=3.8"
summary = "Backported and Experimental Type Hints for Python 3.8+"
groups = ["default"]
files = [
    {file = "typing_extensions-4.12.2-py3-none-any.whl", hash = "sha256:04e5ca0351e0f3f85c6853954072df659d0d13fac324d0072316b67d7794700d"},
    {file = "typing_extensions-4.12.2.tar.gz", hash = "sha256:1a7ead55c7e559dd4dee8856e3a88b41225abfe1ce8df57b7c13915fe121ffb8"},
]
